
Microsoft Visual Studio Solution File, Format Version 12.00
# Visual Studio Version 16
VisualStudioVersion = 16.0.30804.86
MinimumVisualStudioVersion = 10.0.40219.1
Project("{FAE04EC0-301F-11D3-BF4B-00C04F79EFBC}") = "DiscordBot", "DiscordBot\DiscordBot.csproj", "{143D5FEC-D5C5-4B8A-A203-106D9BC02FAA}"
EndProject
Global
	GlobalSection(SolutionConfigurationPlatforms) = preSolution
		Debug|Any CPU = Debug|Any CPU
		Release|Any CPU = Release|Any CPU
	EndGlobalSection
	GlobalSection(ProjectConfigurationPlatforms) = postSolution
		{143D5FEC-D5C5-4B8A-A203-106D9BC02FAA}.Debug|Any CPU.ActiveCfg = Debug|Any CPU
		{143D5FEC-D5C5-4B8A-A203-106D9BC02FAA}.Debug|Any CPU.Build.0 = Debug|Any CPU
		{143D5FEC-D5C5-4B8A-A203-106D9BC02FAA}.Release|Any CPU.ActiveCfg = Release|Any CPU
		{143D5FEC-D5C5-4B8A-A203-106D9BC02FAA}.Release|Any CPU.Build.0 = Release|Any CPU
	EndGlobalSection
	GlobalSection(SolutionProperties) = preSolution
		HideSolutionNode = FALSE
	EndGlobalSection
	GlobalSection(ExtensibilityGlobals) = postSolution
		SolutionGuid = {0574311E-D41D-4507-8EE5-3DFD6EAD5737}
	EndGlobalSection
EndGlobal
